
Microsoft Visual Studio Solution File, Format Version 12.00
# Visual Studio Version 16
VisualStudioVersion = 16.0.31624.102
MinimumVisualStudioVersion = 10.0.40219.1
Project("{888888A0-9F3D-457C-B088-3A5042F75D52}") = "Ejercicios", "Ejercicios.pyproj", "{E7C8E914-10C0-4547-9053-7E44CDE08408}"
EndProject
Global
	GlobalSection(SolutionConfigurationPlatforms) = preSolution
		Debug|Any CPU = Debug|Any CPU
		Release|Any CPU = Release|Any CPU
	EndGlobalSection
	GlobalSection(ProjectConfigurationPlatforms) = postSolution
		{E7C8E914-10C0-4547-9053-7E44CDE08408}.Debug|Any CPU.ActiveCfg = Debug|Any CPU
		{E7C8E914-10C0-4547-9053-7E44CDE08408}.Release|Any CPU.ActiveCfg = Release|Any CPU
	EndGlobalSection
	GlobalSection(SolutionProperties) = preSolution
		HideSolutionNode = FALSE
	EndGlobalSection
	GlobalSection(ExtensibilityGlobals) = postSolution
		SolutionGuid = {DC544CE1-79B8-4232-BC32-26A5C69C2713}
	EndGlobalSection
EndGlobal
