
Microsoft Visual Studio Solution File, Format Version 12.00
# Visual Studio Version 16
VisualStudioVersion = 16.0.31624.102
MinimumVisualStudioVersion = 10.0.40219.1
Project("{888888A0-9F3D-457C-B088-3A5042F75D52}") = "Herencia_Tipos_Pythom", "Herencia_Tipos_Pythom.pyproj", "{888E844D-EA2C-4A8B-A282-3FF9F3EAC839}"
EndProject
Global
	GlobalSection(SolutionConfigurationPlatforms) = preSolution
		Debug|Any CPU = Debug|Any CPU
		Release|Any CPU = Release|Any CPU
	EndGlobalSection
	GlobalSection(ProjectConfigurationPlatforms) = postSolution
		{888E844D-EA2C-4A8B-A282-3FF9F3EAC839}.Debug|Any CPU.ActiveCfg = Debug|Any CPU
		{888E844D-EA2C-4A8B-A282-3FF9F3EAC839}.Release|Any CPU.ActiveCfg = Release|Any CPU
	EndGlobalSection
	GlobalSection(SolutionProperties) = preSolution
		HideSolutionNode = FALSE
	EndGlobalSection
	GlobalSection(ExtensibilityGlobals) = postSolution
		SolutionGuid = {E054015F-2619-44C0-A989-CE8B6CE3EB6B}
	EndGlobalSection
EndGlobal
